
Microsoft Visual Studio Solution File, Format Version 12.00
Project("{FAE04EC0-301F-11D3-BF4B-00C04F79EFBC}") = "WebApplication", "WebApplication\WebApplication.csproj", "{9D756E4C-5A35-4D31-83E5-050A17220DB3}"
EndProject
Global
	GlobalSection(SolutionConfigurationPlatforms) = preSolution
		Debug|Any CPU = Debug|Any CPU
		Release|Any CPU = Release|Any CPU
	EndGlobalSection
	GlobalSection(ProjectConfigurationPlatforms) = postSolution
		{9D756E4C-5A35-4D31-83E5-050A17220DB3}.Debug|Any CPU.ActiveCfg = Debug|Any CPU
		{9D756E4C-5A35-4D31-83E5-050A17220DB3}.Debug|Any CPU.Build.0 = Debug|Any CPU
		{9D756E4C-5A35-4D31-83E5-050A17220DB3}.Release|Any CPU.ActiveCfg = Release|Any CPU
		{9D756E4C-5A35-4D31-83E5-050A17220DB3}.Release|Any CPU.Build.0 = Release|Any CPU
	EndGlobalSection
EndGlobal
